// !$*UTF8*$!
{
	archiveVersion = 1;
	classes = {
	};
	objectVersion = 46;
	objects = {

/* Begin PBXBuildFile section */
		2588122F1EB51AB10059196D /* GameTwoViewController.m in Sources */ = {isa = PBXBuildFile; fileRef = 2588122E1EB51AB10059196D /* GameTwoViewController.m */; };
		258812321EB51ADD0059196D /* GameThreeViewController.m in Sources */ = {isa = PBXBuildFile; fileRef = 258812311EB51ADD0059196D /* GameThreeViewController.m */; };
		258812351EB51AEC0059196D /* GameFourViewController.m in Sources */ = {isa = PBXBuildFile; fileRef = 258812341EB51AEC0059196D /* GameFourViewController.m */; };
		258812381EB51AFB0059196D /* GameFiveViewController.m in Sources */ = {isa = PBXBuildFile; fileRef = 258812371EB51AFB0059196D /* GameFiveViewController.m */; };
		2588123B1EB51B0D0059196D /* GameSixViewController.m in Sources */ = {isa = PBXBuildFile; fileRef = 2588123A1EB51B0D0059196D /* GameSixViewController.m */; };
		2588123E1EB51B220059196D /* GameSevenViewController.m in Sources */ = {isa = PBXBuildFile; fileRef = 2588123D1EB51B220059196D /* GameSevenViewController.m */; };
		25CBB7241EB824CA00EA6F88 /* GameOneViewController.m in Sources */ = {isa = PBXBuildFile; fileRef = 25CBB71A1EB824CA00EA6F88 /* GameOneViewController.m */; };
		25CBB7251EB824CA00EA6F88 /* GameOverScene.m in Sources */ = {isa = PBXBuildFile; fileRef = 25CBB71C1EB824CA00EA6F88 /* GameOverScene.m */; };
		25CBB7261EB824CA00EA6F88 /* FirstGameScene.m in Sources */ = {isa = PBXBuildFile; fileRef = 25CBB71E1EB824CA00EA6F88 /* FirstGameScene.m */; };
		25CBB7271EB824CA00EA6F88 /* tryagain_button.png in Resources */ = {isa = PBXBuildFile; fileRef = 25CBB71F1EB824CA00EA6F88 /* tryagain_button.png */; };
		25CBB7281EB824CA00EA6F88 /* menubutton.png in Resources */ = {isa = PBXBuildFile; fileRef = 25CBB7201EB824CA00EA6F88 /* menubutton.png */; };
		25CBB7291EB824CA00EA6F88 /* jump.png in Resources */ = {isa = PBXBuildFile; fileRef = 25CBB7211EB824CA00EA6F88 /* jump.png */; };
		25CBB72A1EB824CA00EA6F88 /* player1.png in Resources */ = {isa = PBXBuildFile; fileRef = 25CBB7221EB824CA00EA6F88 /* player1.png */; };
		25CBB72B1EB824CA00EA6F88 /* spikeE.png in Resources */ = {isa = PBXBuildFile; fileRef = 25CBB7231EB824CA00EA6F88 /* spikeE.png */; };
		6C8C2F951EB52AB4004A52FC /* GameTwoScene.m in Sources */ = {isa = PBXBuildFile; fileRef = 6C8C2F941EB52AB4004A52FC /* GameTwoScene.m */; };
		6C8C2FEC1EB5C100004A52FC /* GameThreeScene.m in Sources */ = {isa = PBXBuildFile; fileRef = 6C8C2FEB1EB5C100004A52FC /* GameThreeScene.m */; };
		6C8C2FF61EB5CA35004A52FC /* Obs1.png in Resources */ = {isa = PBXBuildFile; fileRef = 6C8C2FF41EB5CA35004A52FC /* Obs1.png */; };
		6C8C2FF71EB5CA35004A52FC /* Player1.png in Resources */ = {isa = PBXBuildFile; fileRef = 6C8C2FF51EB5CA35004A52FC /* Player1.png */; };
		6CFA7CE11EB7E76300B1019B /* MainMenuButton.png in Resources */ = {isa = PBXBuildFile; fileRef = 6CFA7CE01EB7E76300B1019B /* MainMenuButton.png */; };
		6CFA7D4C1EB7FE8900B1019B /* gameBoard.png in Resources */ = {isa = PBXBuildFile; fileRef = 6CFA7D4B1EB7FE8900B1019B /* gameBoard.png */; };
		C9028BC91EB5599C00047201 /* GameFourPictures in Resources */ = {isa = PBXBuildFile; fileRef = C9028BC81EB5599C00047201 /* GameFourPictures */; };
		C9D96E5F1EB17A730011B512 /* main.m in Sources */ = {isa = PBXBuildFile; fileRef = C9D96E5E1EB17A730011B512 /* main.m */; };
		C9D96E621EB17A730011B512 /* AppDelegate.m in Sources */ = {isa = PBXBuildFile; fileRef = C9D96E611EB17A730011B512 /* AppDelegate.m */; };
		C9D96E661EB17A730011B512 /* Actions.sks in Resources */ = {isa = PBXBuildFile; fileRef = C9D96E651EB17A730011B512 /* Actions.sks */; };
		C9D96E691EB17A730011B512 /* GameScene.m in Sources */ = {isa = PBXBuildFile; fileRef = C9D96E681EB17A730011B512 /* GameScene.m */; };
		C9D96E6C1EB17A730011B512 /* GameViewController.m in Sources */ = {isa = PBXBuildFile; fileRef = C9D96E6B1EB17A730011B512 /* GameViewController.m */; };
		C9D96E6F1EB17A730011B512 /* Main.storyboard in Resources */ = {isa = PBXBuildFile; fileRef = C9D96E6D1EB17A730011B512 /* Main.storyboard */; };
		C9D96E711EB17A730011B512 /* Assets.xcassets in Resources */ = {isa = PBXBuildFile; fileRef = C9D96E701EB17A730011B512 /* Assets.xcassets */; };
		C9D96E741EB17A730011B512 /* LaunchScreen.storyboard in Resources */ = {isa = PBXBuildFile; fileRef = C9D96E721EB17A730011B512 /* LaunchScreen.storyboard */; };
		C9D96E7F1EB17A730011B512 /* MinigamesTests.m in Sources */ = {isa = PBXBuildFile; fileRef = C9D96E7E1EB17A730011B512 /* MinigamesTests.m */; };
		C9D96E8A1EB17A730011B512 /* MinigamesUITests.m in Sources */ = {isa = PBXBuildFile; fileRef = C9D96E891EB17A730011B512 /* MinigamesUITests.m */; };
/* End PBXBuildFile section */

/* Begin PBXContainerItemProxy section */
		C9D96E7B1EB17A730011B512 /* PBXContainerItemProxy */ = {
			isa = PBXContainerItemProxy;
			containerPortal = C9D96E521EB17A730011B512 /* Project object */;
			proxyType = 1;
			remoteGlobalIDString = C9D96E591EB17A730011B512;
			remoteInfo = Minigames;
		};
		C9D96E861EB17A730011B512 /* PBXContainerItemProxy */ = {
			isa = PBXContainerItemProxy;
			containerPortal = C9D96E521EB17A730011B512 /* Project object */;
			proxyType = 1;
			remoteGlobalIDString = C9D96E591EB17A730011B512;
			remoteInfo = Minigames;
		};
/* End PBXContainerItemProxy section */

/* Begin PBXFileReference section */
		2588122D1EB51AB10059196D /* GameTwoViewController.h */ = {isa = PBXFileReference; fileEncoding = 4; lastKnownFileType = sourcecode.c.h; path = GameTwoViewController.h; sourceTree = "<group>"; };
		2588122E1EB51AB10059196D /* GameTwoViewController.m */ = {isa = PBXFileReference; fileEncoding = 4; lastKnownFileType = sourcecode.c.objc; path = GameTwoViewController.m; sourceTree = "<group>"; };
		258812301EB51ADD0059196D /* GameThreeViewController.h */ = {isa = PBXFileReference; fileEncoding = 4; lastKnownFileType = sourcecode.c.h; path = GameThreeViewController.h; sourceTree = "<group>"; };
		258812311EB51ADD0059196D /* GameThreeViewController.m */ = {isa = PBXFileReference; fileEncoding = 4; lastKnownFileType = sourcecode.c.objc; path = GameThreeViewController.m; sourceTree = "<group>"; };
		258812331EB51AEC0059196D /* GameFourViewController.h */ = {isa = PBXFileReference; fileEncoding = 4; lastKnownFileType = sourcecode.c.h; path = GameFourViewController.h; sourceTree = "<group>"; };
		258812341EB51AEC0059196D /* GameFourViewController.m */ = {isa = PBXFileReference; fileEncoding = 4; lastKnownFileType = sourcecode.c.objc; path = GameFourViewController.m; sourceTree = "<group>"; };
		258812361EB51AFB0059196D /* GameFiveViewController.h */ = {isa = PBXFileReference; fileEncoding = 4; lastKnownFileType = sourcecode.c.h; path = GameFiveViewController.h; sourceTree = "<group>"; };
		258812371EB51AFB0059196D /* GameFiveViewController.m */ = {isa = PBXFileReference; fileEncoding = 4; lastKnownFileType = sourcecode.c.objc; path = GameFiveViewController.m; sourceTree = "<group>"; };
		258812391EB51B0D0059196D /* GameSixViewController.h */ = {isa = PBXFileReference; fileEncoding = 4; lastKnownFileType = sourcecode.c.h; path = GameSixViewController.h; sourceTree = "<group>"; };
		2588123A1EB51B0D0059196D /* GameSixViewController.m */ = {isa = PBXFileReference; fileEncoding = 4; lastKnownFileType = sourcecode.c.objc; path = GameSixViewController.m; sourceTree = "<group>"; };
		2588123C1EB51B220059196D /* GameSevenViewController.h */ = {isa = PBXFileReference; fileEncoding = 4; lastKnownFileType = sourcecode.c.h; path = GameSevenViewController.h; sourceTree = "<group>"; };
		2588123D1EB51B220059196D /* GameSevenViewController.m */ = {isa = PBXFileReference; fileEncoding = 4; lastKnownFileType = sourcecode.c.objc; path = GameSevenViewController.m; sourceTree = "<group>"; };
		25CBB7191EB824CA00EA6F88 /* GameOneViewController.h */ = {isa = PBXFileReference; fileEncoding = 4; lastKnownFileType = sourcecode.c.h; path = GameOneViewController.h; sourceTree = "<group>"; };
		25CBB71A1EB824CA00EA6F88 /* GameOneViewController.m */ = {isa = PBXFileReference; fileEncoding = 4; lastKnownFileType = sourcecode.c.objc; path = GameOneViewController.m; sourceTree = "<group>"; };
		25CBB71B1EB824CA00EA6F88 /* GameOverScene.h */ = {isa = PBXFileReference; fileEncoding = 4; lastKnownFileType = sourcecode.c.h; path = GameOverScene.h; sourceTree = "<group>"; };
		25CBB71C1EB824CA00EA6F88 /* GameOverScene.m */ = {isa = PBXFileReference; fileEncoding = 4; lastKnownFileType = sourcecode.c.objc; path = GameOverScene.m; sourceTree = "<group>"; };
		25CBB71D1EB824CA00EA6F88 /* FirstGameScene.h */ = {isa = PBXFileReference; fileEncoding = 4; lastKnownFileType = sourcecode.c.h; path = FirstGameScene.h; sourceTree = "<group>"; };
		25CBB71E1EB824CA00EA6F88 /* FirstGameScene.m */ = {isa = PBXFileReference; fileEncoding = 4; lastKnownFileType = sourcecode.c.objc; path = FirstGameScene.m; sourceTree = "<group>"; };
		25CBB71F1EB824CA00EA6F88 /* tryagain_button.png */ = {isa = PBXFileReference; lastKnownFileType = image.png; path = tryagain_button.png; sourceTree = "<group>"; };
		25CBB7201EB824CA00EA6F88 /* menubutton.png */ = {isa = PBXFileReference; lastKnownFileType = image.png; path = menubutton.png; sourceTree = "<group>"; };
		25CBB7211EB824CA00EA6F88 /* jump.png */ = {isa = PBXFileReference; lastKnownFileType = image.png; path = jump.png; sourceTree = "<group>"; };
		25CBB7221EB824CA00EA6F88 /* player1.png */ = {isa = PBXFileReference; lastKnownFileType = image.png; path = player1.png; sourceTree = "<group>"; };
		25CBB7231EB824CA00EA6F88 /* spikeE.png */ = {isa = PBXFileReference; lastKnownFileType = image.png; path = spikeE.png; sourceTree = "<group>"; };
		6C8C2F931EB52AA5004A52FC /* GameTwoScene.h */ = {isa = PBXFileReference; lastKnownFileType = sourcecode.c.h; path = GameTwoScene.h; sourceTree = "<group>"; };
		6C8C2F941EB52AB4004A52FC /* GameTwoScene.m */ = {isa = PBXFileReference; fileEncoding = 4; lastKnownFileType = sourcecode.c.objc; path = GameTwoScene.m; sourceTree = "<group>"; };
		6C8C2FEB1EB5C100004A52FC /* GameThreeScene.m */ = {isa = PBXFileReference; fileEncoding = 4; lastKnownFileType = sourcecode.c.objc; path = GameThreeScene.m; sourceTree = "<group>"; };
		6C8C2FED1EB5C10C004A52FC /* GameThreeScene.h */ = {isa = PBXFileReference; lastKnownFileType = sourcecode.c.h; path = GameThreeScene.h; sourceTree = "<group>"; };
		6C8C2FF41EB5CA35004A52FC /* Obs1.png */ = {isa = PBXFileReference; lastKnownFileType = image.png; path = Obs1.png; sourceTree = "<group>"; };
		6C8C2FF51EB5CA35004A52FC /* Player1.png */ = {isa = PBXFileReference; lastKnownFileType = image.png; path = Player1.png; sourceTree = "<group>"; };
		6CFA7CE01EB7E76300B1019B /* MainMenuButton.png */ = {isa = PBXFileReference; lastKnownFileType = image.png; path = MainMenuButton.png; sourceTree = "<group>"; };
		6CFA7D4B1EB7FE8900B1019B /* gameBoard.png */ = {isa = PBXFileReference; lastKnownFileType = image.png; path = gameBoard.png; sourceTree = "<group>"; };
		C9028BC81EB5599C00047201 /* GameFourPictures */ = {isa = PBXFileReference; lastKnownFileType = folder; path = GameFourPictures; sourceTree = "<group>"; };
		C9D96E5A1EB17A730011B512 /* Minigames.app */ = {isa = PBXFileReference; explicitFileType = wrapper.application; includeInIndex = 0; path = Minigames.app; sourceTree = BUILT_PRODUCTS_DIR; };
		C9D96E5E1EB17A730011B512 /* main.m */ = {isa = PBXFileReference; lastKnownFileType = sourcecode.c.objc; path = main.m; sourceTree = "<group>"; };
		C9D96E601EB17A730011B512 /* AppDelegate.h */ = {isa = PBXFileReference; lastKnownFileType = sourcecode.c.h; path = AppDelegate.h; sourceTree = "<group>"; };
		C9D96E611EB17A730011B512 /* AppDelegate.m */ = {isa = PBXFileReference; lastKnownFileType = sourcecode.c.objc; path = AppDelegate.m; sourceTree = "<group>"; };
		C9D96E651EB17A730011B512 /* Actions.sks */ = {isa = PBXFileReference; lastKnownFileType = file.sks; path = Actions.sks; sourceTree = "<group>"; };
		C9D96E671EB17A730011B512 /* GameScene.h */ = {isa = PBXFileReference; lastKnownFileType = sourcecode.c.h; path = GameScene.h; sourceTree = "<group>"; };
		C9D96E681EB17A730011B512 /* GameScene.m */ = {isa = PBXFileReference; lastKnownFileType = sourcecode.c.objc; path = GameScene.m; sourceTree = "<group>"; };
		C9D96E6A1EB17A730011B512 /* GameViewController.h */ = {isa = PBXFileReference; lastKnownFileType = sourcecode.c.h; path = GameViewController.h; sourceTree = "<group>"; };
		C9D96E6B1EB17A730011B512 /* GameViewController.m */ = {isa = PBXFileReference; lastKnownFileType = sourcecode.c.objc; path = GameViewController.m; sourceTree = "<group>"; };
		C9D96E6E1EB17A730011B512 /* Base */ = {isa = PBXFileReference; lastKnownFileType = file.storyboard; name = Base; path = Base.lproj/Main.storyboard; sourceTree = "<group>"; };
		C9D96E701EB17A730011B512 /* Assets.xcassets */ = {isa = PBXFileReference; lastKnownFileType = folder.assetcatalog; path = Assets.xcassets; sourceTree = "<group>"; };
		C9D96E731EB17A730011B512 /* Base */ = {isa = PBXFileReference; lastKnownFileType = file.storyboard; name = Base; path = Base.lproj/LaunchScreen.storyboard; sourceTree = "<group>"; };
		C9D96E751EB17A730011B512 /* Info.plist */ = {isa = PBXFileReference; lastKnownFileType = text.plist.xml; path = Info.plist; sourceTree = "<group>"; };
		C9D96E7A1EB17A730011B512 /* MinigamesTests.xctest */ = {isa = PBXFileReference; explicitFileType = wrapper.cfbundle; includeInIndex = 0; path = MinigamesTests.xctest; sourceTree = BUILT_PRODUCTS_DIR; };
		C9D96E7E1EB17A730011B512 /* MinigamesTests.m */ = {isa = PBXFileReference; lastKnownFileType = sourcecode.c.objc; path = MinigamesTests.m; sourceTree = "<group>"; };
		C9D96E801EB17A730011B512 /* Info.plist */ = {isa = PBXFileReference; lastKnownFileType = text.plist.xml; path = Info.plist; sourceTree = "<group>"; };
		C9D96E851EB17A730011B512 /* MinigamesUITests.xctest */ = {isa = PBXFileReference; explicitFileType = wrapper.cfbundle; includeInIndex = 0; path = MinigamesUITests.xctest; sourceTree = BUILT_PRODUCTS_DIR; };
		C9D96E891EB17A730011B512 /* MinigamesUITests.m */ = {isa = PBXFileReference; lastKnownFileType = sourcecode.c.objc; path = MinigamesUITests.m; sourceTree = "<group>"; };
		C9D96E8B1EB17A730011B512 /* Info.plist */ = {isa = PBXFileReference; lastKnownFileType = text.plist.xml; path = Info.plist; sourceTree = "<group>"; };
/* End PBXFileReference section */

/* Begin PBXFrameworksBuildPhase section */
		C9D96E571EB17A730011B512 /* Frameworks */ = {
			isa = PBXFrameworksBuildPhase;
			buildActionMask = 2147483647;
			files = (
			);
			runOnlyForDeploymentPostprocessing = 0;
		};
		C9D96E771EB17A730011B512 /* Frameworks */ = {
			isa = PBXFrameworksBuildPhase;
			buildActionMask = 2147483647;
			files = (
			);
			runOnlyForDeploymentPostprocessing = 0;
		};
		C9D96E821EB17A730011B512 /* Frameworks */ = {
			isa = PBXFrameworksBuildPhase;
			buildActionMask = 2147483647;
			files = (
			);
			runOnlyForDeploymentPostprocessing = 0;
		};
/* End PBXFrameworksBuildPhase section */

/* Begin PBXGroup section */
		258812461EB521940059196D /* GameOne */ = {
			isa = PBXGroup;
			children = (
			);
			name = GameOne;
			sourceTree = "<group>";
		};
		258812471EB5219F0059196D /* GameTwo */ = {
			isa = PBXGroup;
			children = (
				6C8C2FF31EB5CA35004A52FC /* GameTwoPictures */,
				6C8C2F931EB52AA5004A52FC /* GameTwoScene.h */,
				6C8C2F941EB52AB4004A52FC /* GameTwoScene.m */,
				2588122D1EB51AB10059196D /* GameTwoViewController.h */,
				2588122E1EB51AB10059196D /* GameTwoViewController.m */,
			);
			name = GameTwo;
			sourceTree = "<group>";
		};
		258812481EB521A80059196D /* GameThree */ = {
			isa = PBXGroup;
			children = (
				6C8C2FF81EB5CAAC004A52FC /* GameThreePictures */,
				6C8C2FED1EB5C10C004A52FC /* GameThreeScene.h */,
				6C8C2FEB1EB5C100004A52FC /* GameThreeScene.m */,
				258812301EB51ADD0059196D /* GameThreeViewController.h */,
				258812311EB51ADD0059196D /* GameThreeViewController.m */,
			);
			name = GameThree;
			sourceTree = "<group>";
		};
		258812491EB521B10059196D /* GameFour */ = {
			isa = PBXGroup;
			children = (
				C9028BC81EB5599C00047201 /* GameFourPictures */,
				258812331EB51AEC0059196D /* GameFourViewController.h */,
				258812341EB51AEC0059196D /* GameFourViewController.m */,
			);
			name = GameFour;
			sourceTree = "<group>";
		};
		2588124A1EB521B90059196D /* GameFive */ = {
			isa = PBXGroup;
			children = (
				258812361EB51AFB0059196D /* GameFiveViewController.h */,
				258812371EB51AFB0059196D /* GameFiveViewController.m */,
			);
			name = GameFive;
			sourceTree = "<group>";
		};
		2588124B1EB521C00059196D /* GameSix */ = {
			isa = PBXGroup;
			children = (
				258812391EB51B0D0059196D /* GameSixViewController.h */,
				2588123A1EB51B0D0059196D /* GameSixViewController.m */,
			);
			name = GameSix;
			sourceTree = "<group>";
		};
		2588124C1EB521C60059196D /* GameSeven */ = {
			isa = PBXGroup;
			children = (
				2588123C1EB51B220059196D /* GameSevenViewController.h */,
				2588123D1EB51B220059196D /* GameSevenViewController.m */,
			);
			name = GameSeven;
			sourceTree = "<group>";
		};
		6C8C2FF31EB5CA35004A52FC /* GameTwoPictures */ = {
			isa = PBXGroup;
			children = (
				6CFA7CE01EB7E76300B1019B /* MainMenuButton.png */,
				6C8C2FF41EB5CA35004A52FC /* Obs1.png */,
				6C8C2FF51EB5CA35004A52FC /* Player1.png */,
			);
			path = GameTwoPictures;
			sourceTree = "<group>";
		};
		6C8C2FF81EB5CAAC004A52FC /* GameThreePictures */ = {
			isa = PBXGroup;
			children = (
				6CFA7D4B1EB7FE8900B1019B /* gameBoard.png */,
			);
			path = GameThreePictures;
			sourceTree = "<group>";
		};
		C9D96E511EB17A730011B512 = {
			isa = PBXGroup;
			children = (
				C9D96E5C1EB17A730011B512 /* Minigames */,
				C9D96E7D1EB17A730011B512 /* MinigamesTests */,
				C9D96E881EB17A730011B512 /* MinigamesUITests */,
				C9D96E5B1EB17A730011B512 /* Products */,
			);
			sourceTree = "<group>";
		};
		C9D96E5B1EB17A730011B512 /* Products */ = {
			isa = PBXGroup;
			children = (
				C9D96E5A1EB17A730011B512 /* Minigames.app */,
				C9D96E7A1EB17A730011B512 /* MinigamesTests.xctest */,
				C9D96E851EB17A730011B512 /* MinigamesUITests.xctest */,
			);
			name = Products;
			sourceTree = "<group>";
		};
		C9D96E5C1EB17A730011B512 /* Minigames */ = {
			isa = PBXGroup;
			children = (
				C9D96E601EB17A730011B512 /* AppDelegate.h */,
				C9D96E611EB17A730011B512 /* AppDelegate.m */,
				C9D96E651EB17A730011B512 /* Actions.sks */,
				C9D96E671EB17A730011B512 /* GameScene.h */,
				C9D96E681EB17A730011B512 /* GameScene.m */,
				C9D96E6A1EB17A730011B512 /* GameViewController.h */,
				C9D96E6B1EB17A730011B512 /* GameViewController.m */,
				258812461EB521940059196D /* GameOne */,
				25CBB7191EB824CA00EA6F88 /* GameOneViewController.h */,
				25CBB71A1EB824CA00EA6F88 /* GameOneViewController.m */,
				25CBB71B1EB824CA00EA6F88 /* GameOverScene.h */,
				25CBB71C1EB824CA00EA6F88 /* GameOverScene.m */,
				25CBB71D1EB824CA00EA6F88 /* FirstGameScene.h */,
				25CBB71E1EB824CA00EA6F88 /* FirstGameScene.m */,
				25CBB71F1EB824CA00EA6F88 /* tryagain_button.png */,
				25CBB7201EB824CA00EA6F88 /* menubutton.png */,
				25CBB7211EB824CA00EA6F88 /* jump.png */,
				25CBB7221EB824CA00EA6F88 /* player1.png */,
				25CBB7231EB824CA00EA6F88 /* spikeE.png */,
				258812471EB5219F0059196D /* GameTwo */,
				258812481EB521A80059196D /* GameThree */,
				258812491EB521B10059196D /* GameFour */,
				2588124A1EB521B90059196D /* GameFive */,
				2588124B1EB521C00059196D /* GameSix */,
				2588124C1EB521C60059196D /* GameSeven */,
				C9D96E6D1EB17A730011B512 /* Main.storyboard */,
				C9D96E701EB17A730011B512 /* Assets.xcassets */,
				C9D96E721EB17A730011B512 /* LaunchScreen.storyboard */,
				C9D96E751EB17A730011B512 /* Info.plist */,
				C9D96E5D1EB17A730011B512 /* Supporting Files */,
			);
			path = Minigames;
			sourceTree = "<group>";
		};
		C9D96E5D1EB17A730011B512 /* Supporting Files */ = {
			isa = PBXGroup;
			children = (
				C9D96E5E1EB17A730011B512 /* main.m */,
			);
			name = "Supporting Files";
			sourceTree = "<group>";
		};
		C9D96E7D1EB17A730011B512 /* MinigamesTests */ = {
			isa = PBXGroup;
			children = (
				C9D96E7E1EB17A730011B512 /* MinigamesTests.m */,
				C9D96E801EB17A730011B512 /* Info.plist */,
			);
			path = MinigamesTests;
			sourceTree = "<group>";
		};
		C9D96E881EB17A730011B512 /* MinigamesUITests */ = {
			isa = PBXGroup;
			children = (
				C9D96E891EB17A730011B512 /* MinigamesUITests.m */,
				C9D96E8B1EB17A730011B512 /* Info.plist */,
			);
			path = MinigamesUITests;
			sourceTree = "<group>";
		};
/* End PBXGroup section */

/* Begin PBXNativeTarget section */
		C9D96E591EB17A730011B512 /* Minigames */ = {
			isa = PBXNativeTarget;
			buildConfigurationList = C9D96E8E1EB17A730011B512 /* Build configuration list for PBXNativeTarget "Minigames" */;
			buildPhases = (
				C9D96E561EB17A730011B512 /* Sources */,
				C9D96E571EB17A730011B512 /* Frameworks */,
				C9D96E581EB17A730011B512 /* Resources */,
			);
			buildRules = (
			);
			dependencies = (
			);
			name = Minigames;
			productName = Minigames;
			productReference = C9D96E5A1EB17A730011B512 /* Minigames.app */;
			productType = "com.apple.product-type.application";
		};
		C9D96E791EB17A730011B512 /* MinigamesTests */ = {
			isa = PBXNativeTarget;
			buildConfigurationList = C9D96E911EB17A730011B512 /* Build configuration list for PBXNativeTarget "MinigamesTests" */;
			buildPhases = (
				C9D96E761EB17A730011B512 /* Sources */,
				C9D96E771EB17A730011B512 /* Frameworks */,
				C9D96E781EB17A730011B512 /* Resources */,
			);
			buildRules = (
			);
			dependencies = (
				C9D96E7C1EB17A730011B512 /* PBXTargetDependency */,
			);
			name = MinigamesTests;
			productName = MinigamesTests;
			productReference = C9D96E7A1EB17A730011B512 /* MinigamesTests.xctest */;
			productType = "com.apple.product-type.bundle.unit-test";
		};
		C9D96E841EB17A730011B512 /* MinigamesUITests */ = {
			isa = PBXNativeTarget;
			buildConfigurationList = C9D96E941EB17A730011B512 /* Build configuration list for PBXNativeTarget "MinigamesUITests" */;
			buildPhases = (
				C9D96E811EB17A730011B512 /* Sources */,
				C9D96E821EB17A730011B512 /* Frameworks */,
				C9D96E831EB17A730011B512 /* Resources */,
			);
			buildRules = (
			);
			dependencies = (
				C9D96E871EB17A730011B512 /* PBXTargetDependency */,
			);
			name = MinigamesUITests;
			productName = MinigamesUITests;
			productReference = C9D96E851EB17A730011B512 /* MinigamesUITests.xctest */;
			productType = "com.apple.product-type.bundle.ui-testing";
		};
/* End PBXNativeTarget section */

/* Begin PBXProject section */
		C9D96E521EB17A730011B512 /* Project object */ = {
			isa = PBXProject;
			attributes = {
				LastUpgradeCheck = 0820;
				ORGANIZATIONNAME = "Matt Perl, Joe Kim, Matt Spagnoli, Nick Seney";
				TargetAttributes = {
					C9D96E591EB17A730011B512 = {
						CreatedOnToolsVersion = 8.2.1;
						ProvisioningStyle = Automatic;
					};
					C9D96E791EB17A730011B512 = {
						CreatedOnToolsVersion = 8.2.1;
						ProvisioningStyle = Automatic;
						TestTargetID = C9D96E591EB17A730011B512;
					};
					C9D96E841EB17A730011B512 = {
						CreatedOnToolsVersion = 8.2.1;
						ProvisioningStyle = Automatic;
						TestTargetID = C9D96E591EB17A730011B512;
					};
				};
			};
			buildConfigurationList = C9D96E551EB17A730011B512 /* Build configuration list for PBXProject "Minigames" */;
			compatibilityVersion = "Xcode 3.2";
			developmentRegion = English;
			hasScannedForEncodings = 0;
			knownRegions = (
				en,
				Base,
			);
			mainGroup = C9D96E511EB17A730011B512;
			productRefGroup = C9D96E5B1EB17A730011B512 /* Products */;
			projectDirPath = "";
			projectRoot = "";
			targets = (
				C9D96E591EB17A730011B512 /* Minigames */,
				C9D96E791EB17A730011B512 /* MinigamesTests */,
				C9D96E841EB17A730011B512 /* MinigamesUITests */,
			);
		};
/* End PBXProject section */

/* Begin PBXResourcesBuildPhase section */
		C9D96E581EB17A730011B512 /* Resources */ = {
			isa = PBXResourcesBuildPhase;
			buildActionMask = 2147483647;
			files = (
				6CFA7D4C1EB7FE8900B1019B /* gameBoard.png in Resources */,
				6C8C2FF61EB5CA35004A52FC /* Obs1.png in Resources */,
				25CBB72B1EB824CA00EA6F88 /* spikeE.png in Resources */,
				6C8C2FF71EB5CA35004A52FC /* Player1.png in Resources */,
				C9028BC91EB5599C00047201 /* GameFourPictures in Resources */,
				25CBB7271EB824CA00EA6F88 /* tryagain_button.png in Resources */,
				C9D96E6F1EB17A730011B512 /* Main.storyboard in Resources */,
				C9D96E711EB17A730011B512 /* Assets.xcassets in Resources */,
				6CFA7CE11EB7E76300B1019B /* MainMenuButton.png in Resources */,
				C9D96E741EB17A730011B512 /* LaunchScreen.storyboard in Resources */,
				25CBB7281EB824CA00EA6F88 /* menubutton.png in Resources */,
				C9D96E661EB17A730011B512 /* Actions.sks in Resources */,
				25CBB7291EB824CA00EA6F88 /* jump.png in Resources */,
				25CBB72A1EB824CA00EA6F88 /* player1.png in Resources */,
			);
			runOnlyForDeploymentPostprocessing = 0;
		};
		C9D96E781EB17A730011B512 /* Resources */ = {
			isa = PBXResourcesBuildPhase;
			buildActionMask = 2147483647;
			files = (
			);
			runOnlyForDeploymentPostprocessing = 0;
		};
		C9D96E831EB17A730011B512 /* Resources */ = {
			isa = PBXResourcesBuildPhase;
			buildActionMask = 2147483647;
			files = (
			);
			runOnlyForDeploymentPostprocessing = 0;
		};
/* End PBXResourcesBuildPhase section */

/* Begin PBXSourcesBuildPhase section */
		C9D96E561EB17A730011B512 /* Sources */ = {
			isa = PBXSourcesBuildPhase;
			buildActionMask = 2147483647;
			files = (
				25CBB7251EB824CA00EA6F88 /* GameOverScene.m in Sources */,
				25CBB7241EB824CA00EA6F88 /* GameOneViewController.m in Sources */,
				258812351EB51AEC0059196D /* GameFourViewController.m in Sources */,
				6C8C2FEC1EB5C100004A52FC /* GameThreeScene.m in Sources */,
				25CBB7261EB824CA00EA6F88 /* FirstGameScene.m in Sources */,
				C9D96E6C1EB17A730011B512 /* GameViewController.m in Sources */,
				6C8C2F951EB52AB4004A52FC /* GameTwoScene.m in Sources */,
				2588123B1EB51B0D0059196D /* GameSixViewController.m in Sources */,
				C9D96E621EB17A730011B512 /* AppDelegate.m in Sources */,
				C9D96E691EB17A730011B512 /* GameScene.m in Sources */,
				258812321EB51ADD0059196D /* GameThreeViewController.m in Sources */,
				2588123E1EB51B220059196D /* GameSevenViewController.m in Sources */,
				C9D96E5F1EB17A730011B512 /* main.m in Sources */,
				2588122F1EB51AB10059196D /* GameTwoViewController.m in Sources */,
				258812381EB51AFB0059196D /* GameFiveViewController.m in Sources */,
			);
			runOnlyForDeploymentPostprocessing = 0;
		};
		C9D96E761EB17A730011B512 /* Sources */ = {
			isa = PBXSourcesBuildPhase;
			buildActionMask = 2147483647;
			files = (
				C9D96E7F1EB17A730011B512 /* MinigamesTests.m in Sources */,
			);
			runOnlyForDeploymentPostprocessing = 0;
		};
		C9D96E811EB17A730011B512 /* Sources */ = {
			isa = PBXSourcesBuildPhase;
			buildActionMask = 2147483647;
			files = (
				C9D96E8A1EB17A730011B512 /* MinigamesUITests.m in Sources */,
			);
			runOnlyForDeploymentPostprocessing = 0;
		};
/* End PBXSourcesBuildPhase section */

/* Begin PBXTargetDependency section */
		C9D96E7C1EB17A730011B512 /* PBXTargetDependency */ = {
			isa = PBXTargetDependency;
			target = C9D96E591EB17A730011B512 /* Minigames */;
			targetProxy = C9D96E7B1EB17A730011B512 /* PBXContainerItemProxy */;
		};
		C9D96E871EB17A730011B512 /* PBXTargetDependency */ = {
			isa = PBXTargetDependency;
			target = C9D96E591EB17A730011B512 /* Minigames */;
			targetProxy = C9D96E861EB17A730011B512 /* PBXContainerItemProxy */;
		};
/* End PBXTargetDependency section */

/* Begin PBXVariantGroup section */
		C9D96E6D1EB17A730011B512 /* Main.storyboard */ = {
			isa = PBXVariantGroup;
			children = (
				C9D96E6E1EB17A730011B512 /* Base */,
			);
			name = Main.storyboard;
			sourceTree = "<group>";
		};
		C9D96E721EB17A730011B512 /* LaunchScreen.storyboard */ = {
			isa = PBXVariantGroup;
			children = (
				C9D96E731EB17A730011B512 /* Base */,
			);
			name = LaunchScreen.storyboard;
			sourceTree = "<group>";
		};
/* End PBXVariantGroup section */

/* Begin XCBuildConfiguration section */
		C9D96E8C1EB17A730011B512 /* Debug */ = {
			isa = XCBuildConfiguration;
			buildSettings = {
				ALWAYS_SEARCH_USER_PATHS = NO;
				CLANG_ANALYZER_NONNULL = YES;
				CLANG_CXX_LANGUAGE_STANDARD = "gnu++0x";
				CLANG_CXX_LIBRARY = "libc++";
				CLANG_ENABLE_MODULES = YES;
				CLANG_ENABLE_OBJC_ARC = YES;
				CLANG_WARN_BOOL_CONVERSION = YES;
				CLANG_WARN_CONSTANT_CONVERSION = YES;
				CLANG_WARN_DIRECT_OBJC_ISA_USAGE = YES_ERROR;
				CLANG_WARN_DOCUMENTATION_COMMENTS = YES;
				CLANG_WARN_EMPTY_BODY = YES;
				CLANG_WARN_ENUM_CONVERSION = YES;
				CLANG_WARN_INFINITE_RECURSION = YES;
				CLANG_WARN_INT_CONVERSION = YES;
				CLANG_WARN_OBJC_ROOT_CLASS = YES_ERROR;
				CLANG_WARN_SUSPICIOUS_MOVE = YES;
				CLANG_WARN_UNREACHABLE_CODE = YES;
				CLANG_WARN__DUPLICATE_METHOD_MATCH = YES;
				"CODE_SIGN_IDENTITY[sdk=iphoneos*]" = "iPhone Developer";
				COPY_PHASE_STRIP = NO;
				DEBUG_INFORMATION_FORMAT = dwarf;
				ENABLE_STRICT_OBJC_MSGSEND = YES;
				ENABLE_TESTABILITY = YES;
				GCC_C_LANGUAGE_STANDARD = gnu99;
				GCC_DYNAMIC_NO_PIC = NO;
				GCC_NO_COMMON_BLOCKS = YES;
				GCC_OPTIMIZATION_LEVEL = 0;
				GCC_PREPROCESSOR_DEFINITIONS = (
					"DEBUG=1",
					"$(inherited)",
				);
				GCC_WARN_64_TO_32_BIT_CONVERSION = YES;
				GCC_WARN_ABOUT_RETURN_TYPE = YES_ERROR;
				GCC_WARN_UNDECLARED_SELECTOR = YES;
				GCC_WARN_UNINITIALIZED_AUTOS = YES_AGGRESSIVE;
				GCC_WARN_UNUSED_FUNCTION = YES;
				GCC_WARN_UNUSED_VARIABLE = YES;
				IPHONEOS_DEPLOYMENT_TARGET = 10.2;
				MTL_ENABLE_DEBUG_INFO = YES;
				ONLY_ACTIVE_ARCH = YES;
				SDKROOT = iphoneos;
				TARGETED_DEVICE_FAMILY = "1,2";
			};
			name = Debug;
		};
		C9D96E8D1EB17A730011B512 /* Release */ = {
			isa = XCBuildConfiguration;
			buildSettings = {
				ALWAYS_SEARCH_USER_PATHS = NO;
				CLANG_ANALYZER_NONNULL = YES;
				CLANG_CXX_LANGUAGE_STANDARD = "gnu++0x";
				CLANG_CXX_LIBRARY = "libc++";
				CLANG_ENABLE_MODULES = YES;
				CLANG_ENABLE_OBJC_ARC = YES;
				CLANG_WARN_BOOL_CONVERSION = YES;
				CLANG_WARN_CONSTANT_CONVERSION = YES;
				CLANG_WARN_DIRECT_OBJC_ISA_USAGE = YES_ERROR;
				CLANG_WARN_DOCUMENTATION_COMMENTS = YES;
				CLANG_WARN_EMPTY_BODY = YES;
				CLANG_WARN_ENUM_CONVERSION = YES;
				CLANG_WARN_INFINITE_RECURSION = YES;
				CLANG_WARN_INT_CONVERSION = YES;
				CLANG_WARN_OBJC_ROOT_CLASS = YES_ERROR;
				CLANG_WARN_SUSPICIOUS_MOVE = YES;
				CLANG_WARN_UNREACHABLE_CODE = YES;
				CLANG_WARN__DUPLICATE_METHOD_MATCH = YES;
				"CODE_SIGN_IDENTITY[sdk=iphoneos*]" = "iPhone Developer";
				COPY_PHASE_STRIP = NO;
				DEBUG_INFORMATION_FORMAT = "dwarf-with-dsym";
				ENABLE_NS_ASSERTIONS = NO;
				ENABLE_STRICT_OBJC_MSGSEND = YES;
				GCC_C_LANGUAGE_STANDARD = gnu99;
				GCC_NO_COMMON_BLOCKS = YES;
				GCC_WARN_64_TO_32_BIT_CONVERSION = YES;
				GCC_WARN_ABOUT_RETURN_TYPE = YES_ERROR;
				GCC_WARN_UNDECLARED_SELECTOR = YES;
				GCC_WARN_UNINITIALIZED_AUTOS = YES_AGGRESSIVE;
				GCC_WARN_UNUSED_FUNCTION = YES;
				GCC_WARN_UNUSED_VARIABLE = YES;
				IPHONEOS_DEPLOYMENT_TARGET = 10.2;
				MTL_ENABLE_DEBUG_INFO = NO;
				SDKROOT = iphoneos;
				TARGETED_DEVICE_FAMILY = "1,2";
				VALIDATE_PRODUCT = YES;
			};
			name = Release;
		};
		C9D96E8F1EB17A730011B512 /* Debug */ = {
			isa = XCBuildConfiguration;
			buildSettings = {
				ASSETCATALOG_COMPILER_APPICON_NAME = AppIcon;
				INFOPLIST_FILE = Minigames/Info.plist;
				LD_RUNPATH_SEARCH_PATHS = "$(inherited) @executable_path/Frameworks";
				PRODUCT_BUNDLE_IDENTIFIER = "CS441-p-07.Minigames";
				PRODUCT_NAME = "$(TARGET_NAME)";
			};
			name = Debug;
		};
		C9D96E901EB17A730011B512 /* Release */ = {
			isa = XCBuildConfiguration;
			buildSettings = {
				ASSETCATALOG_COMPILER_APPICON_NAME = AppIcon;
				INFOPLIST_FILE = Minigames/Info.plist;
				LD_RUNPATH_SEARCH_PATHS = "$(inherited) @executable_path/Frameworks";
				PRODUCT_BUNDLE_IDENTIFIER = "CS441-p-07.Minigames";
				PRODUCT_NAME = "$(TARGET_NAME)";
			};
			name = Release;
		};
		C9D96E921EB17A730011B512 /* Debug */ = {
			isa = XCBuildConfiguration;
			buildSettings = {
				BUNDLE_LOADER = "$(TEST_HOST)";
				INFOPLIST_FILE = MinigamesTests/Info.plist;
				LD_RUNPATH_SEARCH_PATHS = "$(inherited) @executable_path/Frameworks @loader_path/Frameworks";
				PRODUCT_BUNDLE_IDENTIFIER = "CS441-p-07.MinigamesTests";
				PRODUCT_NAME = "$(TARGET_NAME)";
				TEST_HOST = "$(BUILT_PRODUCTS_DIR)/Minigames.app/Minigames";
			};
			name = Debug;
		};
		C9D96E931EB17A730011B512 /* Release */ = {
			isa = XCBuildConfiguration;
			buildSettings = {
				BUNDLE_LOADER = "$(TEST_HOST)";
				INFOPLIST_FILE = MinigamesTests/Info.plist;
				LD_RUNPATH_SEARCH_PATHS = "$(inherited) @executable_path/Frameworks @loader_path/Frameworks";
				PRODUCT_BUNDLE_IDENTIFIER = "CS441-p-07.MinigamesTests";
				PRODUCT_NAME = "$(TARGET_NAME)";
				TEST_HOST = "$(BUILT_PRODUCTS_DIR)/Minigames.app/Minigames";
			};
			name = Release;
		};
		C9D96E951EB17A730011B512 /* Debug */ = {
			isa = XCBuildConfiguration;
			buildSettings = {
				INFOPLIST_FILE = MinigamesUITests/Info.plist;
				LD_RUNPATH_SEARCH_PATHS = "$(inherited) @executable_path/Frameworks @loader_path/Frameworks";
				PRODUCT_BUNDLE_IDENTIFIER = "CS441-p-07.MinigamesUITests";
				PRODUCT_NAME = "$(TARGET_NAME)";
				TEST_TARGET_NAME = Minigames;
			};
			name = Debug;
		};
		C9D96E961EB17A730011B512 /* Release */ = {
			isa = XCBuildConfiguration;
			buildSettings = {
				INFOPLIST_FILE = MinigamesUITests/Info.plist;
				LD_RUNPATH_SEARCH_PATHS = "$(inherited) @executable_path/Frameworks @loader_path/Frameworks";
				PRODUCT_BUNDLE_IDENTIFIER = "CS441-p-07.MinigamesUITests";
				PRODUCT_NAME = "$(TARGET_NAME)";
				TEST_TARGET_NAME = Minigames;
			};
			name = Release;
		};
/* End XCBuildConfiguration section */

/* Begin XCConfigurationList section */
		C9D96E551EB17A730011B512 /* Build configuration list for PBXProject "Minigames" */ = {
			isa = XCConfigurationList;
			buildConfigurations = (
				C9D96E8C1EB17A730011B512 /* Debug */,
				C9D96E8D1EB17A730011B512 /* Release */,
			);
			defaultConfigurationIsVisible = 0;
			defaultConfigurationName = Release;
		};
		C9D96E8E1EB17A730011B512 /* Build configuration list for PBXNativeTarget "Minigames" */ = {
			isa = XCConfigurationList;
			buildConfigurations = (
				C9D96E8F1EB17A730011B512 /* Debug */,
				C9D96E901EB17A730011B512 /* Release */,
			);
			defaultConfigurationIsVisible = 0;
			defaultConfigurationName = Release;
		};
		C9D96E911EB17A730011B512 /* Build configuration list for PBXNativeTarget "MinigamesTests" */ = {
			isa = XCConfigurationList;
			buildConfigurations = (
				C9D96E921EB17A730011B512 /* Debug */,
				C9D96E931EB17A730011B512 /* Release */,
			);
			defaultConfigurationIsVisible = 0;
			defaultConfigurationName = Release;
		};
		C9D96E941EB17A730011B512 /* Build configuration list for PBXNativeTarget "MinigamesUITests" */ = {
			isa = XCConfigurationList;
			buildConfigurations = (
				C9D96E951EB17A730011B512 /* Debug */,
				C9D96E961EB17A730011B512 /* Release */,
			);
			defaultConfigurationIsVisible = 0;
			defaultConfigurationName = Release;
		};
/* End XCConfigurationList section */
	};
	rootObject = C9D96E521EB17A730011B512 /* Project object */;
}
